
Microsoft Visual Studio Solution File, Format Version 12.00
# Visual Studio Version 17
VisualStudioVersion = 17.9.34622.214
MinimumVisualStudioVersion = 10.0.40219.1
Project("{9A19103F-16F7-4668-BE54-9A1E7A4F7556}") = "DoubleY.CpuRenderer3D.Demo", "DoubleY.CpuRenderer3D.Demo\DoubleY.CpuRenderer3D.Demo.csproj", "{22BA7EAC-5930-4D5B-A7FC-9A3E170F6259}"
EndProject
Project("{9A19103F-16F7-4668-BE54-9A1E7A4F7556}") = "DoubleY.CpuRenderer3D", "DoubleY.CpuRenderer3D\DoubleY.CpuRenderer3D.csproj", "{F7BBD596-AF7B-4521-9002-E7166CA7E9EE}"
EndProject
Global
	GlobalSection(SolutionConfigurationPlatforms) = preSolution
		Debug|Any CPU = Debug|Any CPU
		Release|Any CPU = Release|Any CPU
	EndGlobalSection
	GlobalSection(ProjectConfigurationPlatforms) = postSolution
		{22BA7EAC-5930-4D5B-A7FC-9A3E170F6259}.Debug|Any CPU.ActiveCfg = Debug|Any CPU
		{22BA7EAC-5930-4D5B-A7FC-9A3E170F6259}.Debug|Any CPU.Build.0 = Debug|Any CPU
		{22BA7EAC-5930-4D5B-A7FC-9A3E170F6259}.Release|Any CPU.ActiveCfg = Release|Any CPU
		{22BA7EAC-5930-4D5B-A7FC-9A3E170F6259}.Release|Any CPU.Build.0 = Release|Any CPU
		{F7BBD596-AF7B-4521-9002-E7166CA7E9EE}.Debug|Any CPU.ActiveCfg = Debug|Any CPU
		{F7BBD596-AF7B-4521-9002-E7166CA7E9EE}.Debug|Any CPU.Build.0 = Debug|Any CPU
		{F7BBD596-AF7B-4521-9002-E7166CA7E9EE}.Release|Any CPU.ActiveCfg = Release|Any CPU
		{F7BBD596-AF7B-4521-9002-E7166CA7E9EE}.Release|Any CPU.Build.0 = Release|Any CPU
	EndGlobalSection
	GlobalSection(SolutionProperties) = preSolution
		HideSolutionNode = FALSE
	EndGlobalSection
	GlobalSection(ExtensibilityGlobals) = postSolution
		SolutionGuid = {DAF7ED6B-089E-42B4-91C5-CA65B897CE32}
	EndGlobalSection
EndGlobal
